github.com/logrusorgru/aurora v2.0.3+incompatible h1:tOpm7WcpBTn4fjmVfgpQq0EfczGlG91VSDkswnjF5A8=
github.com/logrusorgru/aurora v2.0.3+incompatible/go.mod h1:7rIyQOR62GCctdiQpZ/zOJlFyk6y+94wXzv6RNZgaR4=
github.com/zhangpeihao/goamf v0.0.0-20140409082417-3ff2c19514a8 h1:r1JUI0wuHlgRb8jNd3zPBBkjUdrjpVKr8SdJWc8ntg8=
github.com/zhangpeihao/goamf v0.0.0-20140409082417-3ff2c19514a8/go.mod h1:RZd/IqzNpFANwOB9rVmsnAYpo/6KesK4PqrN1a5cRgg=
